
Microsoft Visual Studio Solution File, Format Version 12.00
# Visual Studio 15
VisualStudioVersion = 15.0.28010.2016
MinimumVisualStudioVersion = 10.0.40219.1
Project("{888888A0-9F3D-457C-B088-3A5042F75D52}") = "数据预处理", "数据预处理\数据预处理.pyproj", "{BA778F44-9E20-436E-B36E-4F1EFBB428FE}"
EndProject
Global
	GlobalSection(SolutionConfigurationPlatforms) = preSolution
		Debug|Any CPU = Debug|Any CPU
		Release|Any CPU = Release|Any CPU
	EndGlobalSection
	GlobalSection(ProjectConfigurationPlatforms) = postSolution
		{BA778F44-9E20-436E-B36E-4F1EFBB428FE}.Debug|Any CPU.ActiveCfg = Debug|Any CPU
		{BA778F44-9E20-436E-B36E-4F1EFBB428FE}.Release|Any CPU.ActiveCfg = Release|Any CPU
	EndGlobalSection
	GlobalSection(SolutionProperties) = preSolution
		HideSolutionNode = FALSE
	EndGlobalSection
	GlobalSection(ExtensibilityGlobals) = postSolution
		SolutionGuid = {BFFA2E75-0038-4DE7-99CB-99321C6D6C59}
	EndGlobalSection
EndGlobal
